
Microsoft Visual Studio Solution File, Format Version 12.00
# Visual Studio Version 16
VisualStudioVersion = 16.0.31205.134
MinimumVisualStudioVersion = 10.0.40219.1
Project("{FAE04EC0-301F-11D3-BF4B-00C04F79EFBC}") = "UdemyErrorHandling", "UdemyErrorHandling\UdemyErrorHandling.csproj", "{5C0011FD-6EC5-4EAF-BDFC-662AE5F607FD}"
EndProject
Global
	GlobalSection(SolutionConfigurationPlatforms) = preSolution
		Debug|Any CPU = Debug|Any CPU
		Release|Any CPU = Release|Any CPU
	EndGlobalSection
	GlobalSection(ProjectConfigurationPlatforms) = postSolution
		{5C0011FD-6EC5-4EAF-BDFC-662AE5F607FD}.Debug|Any CPU.ActiveCfg = Debug|Any CPU
		{5C0011FD-6EC5-4EAF-BDFC-662AE5F607FD}.Debug|Any CPU.Build.0 = Debug|Any CPU
		{5C0011FD-6EC5-4EAF-BDFC-662AE5F607FD}.Release|Any CPU.ActiveCfg = Release|Any CPU
		{5C0011FD-6EC5-4EAF-BDFC-662AE5F607FD}.Release|Any CPU.Build.0 = Release|Any CPU
	EndGlobalSection
	GlobalSection(SolutionProperties) = preSolution
		HideSolutionNode = FALSE
	EndGlobalSection
	GlobalSection(ExtensibilityGlobals) = postSolution
		SolutionGuid = {4AA58F45-E36E-4E2E-8BC1-D1A454FA108A}
	EndGlobalSection
EndGlobal
